
Microsoft Visual Studio Solution File, Format Version 12.00
# Visual Studio Version 16
VisualStudioVersion = 16.0.29215.179
MinimumVisualStudioVersion = 10.0.40219.1
Project("{FAE04EC0-301F-11D3-BF4B-00C04F79EFBC}") = "UWP", "UWP\UWP.csproj", "{BB35A25F-D19A-4899-9F03-A26DB73411CE}"
EndProject
Project("{FAE04EC0-301F-11D3-BF4B-00C04F79EFBC}") = "ModelObjet", "ClassLibrary1\ModelObjet.csproj", "{BE832DC9-2F5D-4C0E-91C2-D90BD2B997FE}"
EndProject
Global
	GlobalSection(SolutionConfigurationPlatforms) = preSolution
		Debug|Any CPU = Debug|Any CPU
		Debug|ARM = Debug|ARM
		Debug|ARM64 = Debug|ARM64
		Debug|x64 = Debug|x64
		Debug|x86 = Debug|x86
		Release|Any CPU = Release|Any CPU
		Release|ARM = Release|ARM
		Release|ARM64 = Release|ARM64
		Release|x64 = Release|x64
		Release|x86 = Release|x86
	EndGlobalSection
	GlobalSection(ProjectConfigurationPlatforms) = postSolution
		{BB35A25F-D19A-4899-9F03-A26DB73411CE}.Debug|Any CPU.ActiveCfg = Debug|x86
		{BB35A25F-D19A-4899-9F03-A26DB73411CE}.Debug|ARM.ActiveCfg = Debug|ARM
		{BB35A25F-D19A-4899-9F03-A26DB73411CE}.Debug|ARM.Build.0 = Debug|ARM
		{BB35A25F-D19A-4899-9F03-A26DB73411CE}.Debug|ARM.Deploy.0 = Debug|ARM
		{BB35A25F-D19A-4899-9F03-A26DB73411CE}.Debug|ARM64.ActiveCfg = Debug|ARM64
		{BB35A25F-D19A-4899-9F03-A26DB73411CE}.Debug|ARM64.Build.0 = Debug|ARM64
		{BB35A25F-D19A-4899-9F03-A26DB73411CE}.Debug|ARM64.Deploy.0 = Debug|ARM64
		{BB35A25F-D19A-4899-9F03-A26DB73411CE}.Debug|x64.ActiveCfg = Debug|x64
		{BB35A25F-D19A-4899-9F03-A26DB73411CE}.Debug|x64.Build.0 = Debug|x64
		{BB35A25F-D19A-4899-9F03-A26DB73411CE}.Debug|x64.Deploy.0 = Debug|x64
		{BB35A25F-D19A-4899-9F03-A26DB73411CE}.Debug|x86.ActiveCfg = Debug|x86
		{BB35A25F-D19A-4899-9F03-A26DB73411CE}.Debug|x86.Build.0 = Debug|x86
		{BB35A25F-D19A-4899-9F03-A26DB73411CE}.Debug|x86.Deploy.0 = Debug|x86
		{BB35A25F-D19A-4899-9F03-A26DB73411CE}.Release|Any CPU.ActiveCfg = Release|x86
		{BB35A25F-D19A-4899-9F03-A26DB73411CE}.Release|ARM.ActiveCfg = Release|ARM
		{BB35A25F-D19A-4899-9F03-A26DB73411CE}.Release|ARM.Build.0 = Release|ARM
		{BB35A25F-D19A-4899-9F03-A26DB73411CE}.Release|ARM.Deploy.0 = Release|ARM
		{BB35A25F-D19A-4899-9F03-A26DB73411CE}.Release|ARM64.ActiveCfg = Release|ARM64
		{BB35A25F-D19A-4899-9F03-A26DB73411CE}.Release|ARM64.Build.0 = Release|ARM64
		{BB35A25F-D19A-4899-9F03-A26DB73411CE}.Release|ARM64.Deploy.0 = Release|ARM64
		{BB35A25F-D19A-4899-9F03-A26DB73411CE}.Release|x64.ActiveCfg = Release|x64
		{BB35A25F-D19A-4899-9F03-A26DB73411CE}.Release|x64.Build.0 = Release|x64
		{BB35A25F-D19A-4899-9F03-A26DB73411CE}.Release|x64.Deploy.0 = Release|x64
		{BB35A25F-D19A-4899-9F03-A26DB73411CE}.Release|x86.ActiveCfg = Release|x86
		{BB35A25F-D19A-4899-9F03-A26DB73411CE}.Release|x86.Build.0 = Release|x86
		{BB35A25F-D19A-4899-9F03-A26DB73411CE}.Release|x86.Deploy.0 = Release|x86
		{BE832DC9-2F5D-4C0E-91C2-D90BD2B997FE}.Debug|Any CPU.ActiveCfg = Debug|Any CPU
		{BE832DC9-2F5D-4C0E-91C2-D90BD2B997FE}.Debug|Any CPU.Build.0 = Debug|Any CPU
		{BE832DC9-2F5D-4C0E-91C2-D90BD2B997FE}.Debug|ARM.ActiveCfg = Debug|ARM
		{BE832DC9-2F5D-4C0E-91C2-D90BD2B997FE}.Debug|ARM.Build.0 = Debug|ARM
		{BE832DC9-2F5D-4C0E-91C2-D90BD2B997FE}.Debug|ARM64.ActiveCfg = Debug|ARM64
		{BE832DC9-2F5D-4C0E-91C2-D90BD2B997FE}.Debug|ARM64.Build.0 = Debug|ARM64
		{BE832DC9-2F5D-4C0E-91C2-D90BD2B997FE}.Debug|x64.ActiveCfg = Debug|x64
		{BE832DC9-2F5D-4C0E-91C2-D90BD2B997FE}.Debug|x64.Build.0 = Debug|x64
		{BE832DC9-2F5D-4C0E-91C2-D90BD2B997FE}.Debug|x86.ActiveCfg = Debug|x86
		{BE832DC9-2F5D-4C0E-91C2-D90BD2B997FE}.Debug|x86.Build.0 = Debug|x86
		{BE832DC9-2F5D-4C0E-91C2-D90BD2B997FE}.Release|Any CPU.ActiveCfg = Release|Any CPU
		{BE832DC9-2F5D-4C0E-91C2-D90BD2B997FE}.Release|Any CPU.Build.0 = Release|Any CPU
		{BE832DC9-2F5D-4C0E-91C2-D90BD2B997FE}.Release|ARM.ActiveCfg = Release|ARM
		{BE832DC9-2F5D-4C0E-91C2-D90BD2B997FE}.Release|ARM.Build.0 = Release|ARM
		{BE832DC9-2F5D-4C0E-91C2-D90BD2B997FE}.Release|ARM64.ActiveCfg = Release|ARM64
		{BE832DC9-2F5D-4C0E-91C2-D90BD2B997FE}.Release|ARM64.Build.0 = Release|ARM64
		{BE832DC9-2F5D-4C0E-91C2-D90BD2B997FE}.Release|x64.ActiveCfg = Release|x64
		{BE832DC9-2F5D-4C0E-91C2-D90BD2B997FE}.Release|x64.Build.0 = Release|x64
		{BE832DC9-2F5D-4C0E-91C2-D90BD2B997FE}.Release|x86.ActiveCfg = Release|x86
		{BE832DC9-2F5D-4C0E-91C2-D90BD2B997FE}.Release|x86.Build.0 = Release|x86
	EndGlobalSection
	GlobalSection(SolutionProperties) = preSolution
		HideSolutionNode = FALSE
	EndGlobalSection
	GlobalSection(ExtensibilityGlobals) = postSolution
		SolutionGuid = {915CC507-A894-4999-98D0-4ED5D80CC0DD}
	EndGlobalSection
EndGlobal
